<?xml version="1.0" encoding="utf-8"?>
<Project ToolsVersion="4.0" xmlns="http://schemas.microsoft.com/developer/msbuild/2003">
  <ItemGroup>
    <None Include="packages.config" />
  </ItemGroup>
  <ItemGroup>
    <Filter Include="bdftoPng">
      <UniqueIdentifier>{3621e5dd-d196-4ea1-b47b-1f24d3bbb694}</UniqueIdentifier>
    </Filter>
  </ItemGroup>
  <ItemGroup>
    <ClCompile Include="bdftoPng\bdftoPng.c">
      <Filter>bdftoPng</Filter>
    </ClCompile>
  </ItemGroup>
</Project>